
Microsoft Visual Studio Solution File, Format Version 12.00
# Visual Studio 15
VisualStudioVersion = 15.0.28307.1259
MinimumVisualStudioVersion = 10.0.40219.1
Project("{FAE04EC0-301F-11D3-BF4B-00C04F79EFBC}") = "WpfApp1", "WpfApp1\WpfApp1.csproj", "{903FA15B-3FE8-4D38-9794-9F63909AD38B}"
EndProject
Global
	GlobalSection(SolutionConfigurationPlatforms) = preSolution
		Debug|Any CPU = Debug|Any CPU
		Release|Any CPU = Release|Any CPU
	EndGlobalSection
	GlobalSection(ProjectConfigurationPlatforms) = postSolution
		{903FA15B-3FE8-4D38-9794-9F63909AD38B}.Debug|Any CPU.ActiveCfg = Debug|Any CPU
		{903FA15B-3FE8-4D38-9794-9F63909AD38B}.Debug|Any CPU.Build.0 = Debug|Any CPU
		{903FA15B-3FE8-4D38-9794-9F63909AD38B}.Release|Any CPU.ActiveCfg = Release|Any CPU
		{903FA15B-3FE8-4D38-9794-9F63909AD38B}.Release|Any CPU.Build.0 = Release|Any CPU
	EndGlobalSection
	GlobalSection(SolutionProperties) = preSolution
		HideSolutionNode = FALSE
	EndGlobalSection
	GlobalSection(ExtensibilityGlobals) = postSolution
		SolutionGuid = {F6081342-71DA-45A7-85C5-E30487A2DE41}
	EndGlobalSection
EndGlobal
